// !$*UTF8*$!
{
	archiveVersion = 1;
	classes = {
	};
	objectVersion = 77;
	objects = {

/* Begin PBXBuildFile section */
		1FC59B832DC35BA1006807FB /* Alamofire in Frameworks */ = {isa = PBXBuildFile; productRef = 1FC59B822DC35BA1006807FB /* Alamofire */; };
		1FD369802DC14CED00934FD3 /* SnapKit in Frameworks */ = {isa = PBXBuildFile; productRef = 1FD3697F2DC14CED00934FD3 /* SnapKit */; };
/* End PBXBuildFile section */

/* Begin PBXContainerItemProxy section */
		1FD367FF2DC0E86E00934FD3 /* PBXContainerItemProxy */ = {
			isa = PBXContainerItemProxy;
			containerPortal = 1FD367DD2DC0E86D00934FD3 /* Project object */;
			proxyType = 1;
			remoteGlobalIDString = 1FD367E42DC0E86D00934FD3;
			remoteInfo = EffectiveMobile;
		};
		1FD368092DC0E86E00934FD3 /* PBXContainerItemProxy */ = {
			isa = PBXContainerItemProxy;
			containerPortal = 1FD367DD2DC0E86D00934FD3 /* Project object */;
			proxyType = 1;
			remoteGlobalIDString = 1FD367E42DC0E86D00934FD3;
			remoteInfo = EffectiveMobile;
		};
/* End PBXContainerItemProxy section */

/* Begin PBXFileReference section */
		1FD367E52DC0E86D00934FD3 /* EffectiveMobile.app */ = {isa = PBXFileReference; explicitFileType = wrapper.application; includeInIndex = 0; path = EffectiveMobile.app; sourceTree = BUILT_PRODUCTS_DIR; };
		1FD367FE2DC0E86E00934FD3 /* EffectiveMobileTests.xctest */ = {isa = PBXFileReference; explicitFileType = wrapper.cfbundle; includeInIndex = 0; path = EffectiveMobileTests.xctest; sourceTree = BUILT_PRODUCTS_DIR; };
		1FD368082DC0E86E00934FD3 /* EffectiveMobileUITests.xctest */ = {isa = PBXFileReference; explicitFileType = wrapper.cfbundle; includeInIndex = 0; path = EffectiveMobileUITests.xctest; sourceTree = BUILT_PRODUCTS_DIR; };
/* End PBXFileReference section */

/* Begin PBXFileSystemSynchronizedBuildFileExceptionSet section */
		1FD369682DC1358D00934FD3 /* Exceptions for "EffectiveMobile" folder in "EffectiveMobile" target */ = {
			isa = PBXFileSystemSynchronizedBuildFileExceptionSet;
			membershipExceptions = (
				"Supporting Files/Info.plist",
			);
			target = 1FD367E42DC0E86D00934FD3 /* EffectiveMobile */;
		};
/* End PBXFileSystemSynchronizedBuildFileExceptionSet section */

/* Begin PBXFileSystemSynchronizedRootGroup section */
		1FD367E72DC0E86D00934FD3 /* EffectiveMobile */ = {
			isa = PBXFileSystemSynchronizedRootGroup;
			exceptions = (
				1FD369682DC1358D00934FD3 /* Exceptions for "EffectiveMobile" folder in "EffectiveMobile" target */,
			);
			path = EffectiveMobile;
			sourceTree = "<group>";
		};
		1FD368012DC0E86E00934FD3 /* EffectiveMobileTests */ = {
			isa = PBXFileSystemSynchronizedRootGroup;
			path = EffectiveMobileTests;
			sourceTree = "<group>";
		};
		1FD3680B2DC0E86E00934FD3 /* EffectiveMobileUITests */ = {
			isa = PBXFileSystemSynchronizedRootGroup;
			path = EffectiveMobileUITests;
			sourceTree = "<group>";
		};
/* End PBXFileSystemSynchronizedRootGroup section */

/* Begin PBXFrameworksBuildPhase section */
		1FD367E22DC0E86D00934FD3 /* Frameworks */ = {
			isa = PBXFrameworksBuildPhase;
			buildActionMask = 2147483647;
			files = (
				1FD369802DC14CED00934FD3 /* SnapKit in Frameworks */,
				1FC59B832DC35BA1006807FB /* Alamofire in Frameworks */,
			);
			runOnlyForDeploymentPostprocessing = 0;
		};
		1FD367FB2DC0E86E00934FD3 /* Frameworks */ = {
			isa = PBXFrameworksBuildPhase;
			buildActionMask = 2147483647;
			files = (
			);
			runOnlyForDeploymentPostprocessing = 0;
		};
		1FD368052DC0E86E00934FD3 /* Frameworks */ = {
			isa = PBXFrameworksBuildPhase;
			buildActionMask = 2147483647;
			files = (
			);
			runOnlyForDeploymentPostprocessing = 0;
		};
/* End PBXFrameworksBuildPhase section */

/* Begin PBXGroup section */
		1FD367DC2DC0E86D00934FD3 = {
			isa = PBXGroup;
			children = (
				1FD367E72DC0E86D00934FD3 /* EffectiveMobile */,
				1FD368012DC0E86E00934FD3 /* EffectiveMobileTests */,
				1FD3680B2DC0E86E00934FD3 /* EffectiveMobileUITests */,
				1FD367E62DC0E86D00934FD3 /* Products */,
			);
			sourceTree = "<group>";
		};
		1FD367E62DC0E86D00934FD3 /* Products */ = {
			isa = PBXGroup;
			children = (
				1FD367E52DC0E86D00934FD3 /* EffectiveMobile.app */,
				1FD367FE2DC0E86E00934FD3 /* EffectiveMobileTests.xctest */,
				1FD368082DC0E86E00934FD3 /* EffectiveMobileUITests.xctest */,
			);
			name = Products;
			sourceTree = "<group>";
		};
/* End PBXGroup section */

/* Begin PBXNativeTarget section */
		1FD367E42DC0E86D00934FD3 /* EffectiveMobile */ = {
			isa = PBXNativeTarget;
			buildConfigurationList = 1FD368112DC0E86E00934FD3 /* Build configuration list for PBXNativeTarget "EffectiveMobile" */;
			buildPhases = (
				1FD367E12DC0E86D00934FD3 /* Sources */,
				1FD367E22DC0E86D00934FD3 /* Frameworks */,
				1FD367E32DC0E86D00934FD3 /* Resources */,
			);
			buildRules = (
			);
			dependencies = (
			);
			fileSystemSynchronizedGroups = (
				1FD367E72DC0E86D00934FD3 /* EffectiveMobile */,
			);
			name = EffectiveMobile;
			packageProductDependencies = (
				1FD3697F2DC14CED00934FD3 /* SnapKit */,
				1FC59B822DC35BA1006807FB /* Alamofire */,
			);
			productName = EffectiveMobile;
			productReference = 1FD367E52DC0E86D00934FD3 /* EffectiveMobile.app */;
			productType = "com.apple.product-type.application";
		};
		1FD367FD2DC0E86E00934FD3 /* EffectiveMobileTests */ = {
			isa = PBXNativeTarget;
			buildConfigurationList = 1FD368162DC0E86E00934FD3 /* Build configuration list for PBXNativeTarget "EffectiveMobileTests" */;
			buildPhases = (
				1FD367FA2DC0E86E00934FD3 /* Sources */,
				1FD367FB2DC0E86E00934FD3 /* Frameworks */,
				1FD367FC2DC0E86E00934FD3 /* Resources */,
			);
			buildRules = (
			);
			dependencies = (
				1FD368002DC0E86E00934FD3 /* PBXTargetDependency */,
			);
			fileSystemSynchronizedGroups = (
				1FD368012DC0E86E00934FD3 /* EffectiveMobileTests */,
			);
			name = EffectiveMobileTests;
			packageProductDependencies = (
			);
			productName = EffectiveMobileTests;
			productReference = 1FD367FE2DC0E86E00934FD3 /* EffectiveMobileTests.xctest */;
			productType = "com.apple.product-type.bundle.unit-test";
		};
		1FD368072DC0E86E00934FD3 /* EffectiveMobileUITests */ = {
			isa = PBXNativeTarget;
			buildConfigurationList = 1FD368192DC0E86E00934FD3 /* Build configuration list for PBXNativeTarget "EffectiveMobileUITests" */;
			buildPhases = (
				1FD368042DC0E86E00934FD3 /* Sources */,
				1FD368052DC0E86E00934FD3 /* Frameworks */,
				1FD368062DC0E86E00934FD3 /* Resources */,
			);
			buildRules = (
			);
			dependencies = (
				1FD3680A2DC0E86E00934FD3 /* PBXTargetDependency */,
			);
			fileSystemSynchronizedGroups = (
				1FD3680B2DC0E86E00934FD3 /* EffectiveMobileUITests */,
			);
			name = EffectiveMobileUITests;
			packageProductDependencies = (
			);
			productName = EffectiveMobileUITests;
			productReference = 1FD368082DC0E86E00934FD3 /* EffectiveMobileUITests.xctest */;
			productType = "com.apple.product-type.bundle.ui-testing";
		};
/* End PBXNativeTarget section */

/* Begin PBXProject section */
		1FD367DD2DC0E86D00934FD3 /* Project object */ = {
			isa = PBXProject;
			attributes = {
				BuildIndependentTargetsInParallel = 1;
				LastSwiftUpdateCheck = 1620;
				LastUpgradeCheck = 1620;
				TargetAttributes = {
					1FD367E42DC0E86D00934FD3 = {
						CreatedOnToolsVersion = 16.2;
					};
					1FD367FD2DC0E86E00934FD3 = {
						CreatedOnToolsVersion = 16.2;
						TestTargetID = 1FD367E42DC0E86D00934FD3;
					};
					1FD368072DC0E86E00934FD3 = {
						CreatedOnToolsVersion = 16.2;
						TestTargetID = 1FD367E42DC0E86D00934FD3;
					};
				};
			};
			buildConfigurationList = 1FD367E02DC0E86D00934FD3 /* Build configuration list for PBXProject "EffectiveMobile" */;
			developmentRegion = en;
			hasScannedForEncodings = 0;
			knownRegions = (
				en,
				Base,
			);
			mainGroup = 1FD367DC2DC0E86D00934FD3;
			minimizedProjectReferenceProxies = 1;
			packageReferences = (
				1FD3697E2DC14CED00934FD3 /* XCRemoteSwiftPackageReference "SnapKit" */,
				1FC59B812DC35BA1006807FB /* XCRemoteSwiftPackageReference "Alamofire" */,
			);
			preferredProjectObjectVersion = 77;
			productRefGroup = 1FD367E62DC0E86D00934FD3 /* Products */;
			projectDirPath = "";
			projectRoot = "";
			targets = (
				1FD367E42DC0E86D00934FD3 /* EffectiveMobile */,
				1FD367FD2DC0E86E00934FD3 /* EffectiveMobileTests */,
				1FD368072DC0E86E00934FD3 /* EffectiveMobileUITests */,
			);
		};
/* End PBXProject section */

/* Begin PBXResourcesBuildPhase section */
		1FD367E32DC0E86D00934FD3 /* Resources */ = {
			isa = PBXResourcesBuildPhase;
			buildActionMask = 2147483647;
			files = (
			);
			runOnlyForDeploymentPostprocessing = 0;
		};
		1FD367FC2DC0E86E00934FD3 /* Resources */ = {
			isa = PBXResourcesBuildPhase;
			buildActionMask = 2147483647;
			files = (
			);
			runOnlyForDeploymentPostprocessing = 0;
		};
		1FD368062DC0E86E00934FD3 /* Resources */ = {
			isa = PBXResourcesBuildPhase;
			buildActionMask = 2147483647;
			files = (
			);
			runOnlyForDeploymentPostprocessing = 0;
		};
/* End PBXResourcesBuildPhase section */

/* Begin PBXSourcesBuildPhase section */
		1FD367E12DC0E86D00934FD3 /* Sources */ = {
			isa = PBXSourcesBuildPhase;
			buildActionMask = 2147483647;
			files = (
			);
			runOnlyForDeploymentPostprocessing = 0;
		};
		1FD367FA2DC0E86E00934FD3 /* Sources */ = {
			isa = PBXSourcesBuildPhase;
			buildActionMask = 2147483647;
			files = (
			);
			runOnlyForDeploymentPostprocessing = 0;
		};
		1FD368042DC0E86E00934FD3 /* Sources */ = {
			isa = PBXSourcesBuildPhase;
			buildActionMask = 2147483647;
			files = (
			);
			runOnlyForDeploymentPostprocessing = 0;
		};
/* End PBXSourcesBuildPhase section */

/* Begin PBXTargetDependency section */
		1FD368002DC0E86E00934FD3 /* PBXTargetDependency */ = {
			isa = PBXTargetDependency;
			target = 1FD367E42DC0E86D00934FD3 /* EffectiveMobile */;
			targetProxy = 1FD367FF2DC0E86E00934FD3 /* PBXContainerItemProxy */;
		};
		1FD3680A2DC0E86E00934FD3 /* PBXTargetDependency */ = {
			isa = PBXTargetDependency;
			target = 1FD367E42DC0E86D00934FD3 /* EffectiveMobile */;
			targetProxy = 1FD368092DC0E86E00934FD3 /* PBXContainerItemProxy */;
		};
/* End PBXTargetDependency section */

/* Begin XCBuildConfiguration section */
		1FD368122DC0E86E00934FD3 /* Debug */ = {
			isa = XCBuildConfiguration;
			buildSettings = {
				ASSETCATALOG_COMPILER_APPICON_NAME = AppIcon;
				ASSETCATALOG_COMPILER_GLOBAL_ACCENT_COLOR_NAME = AccentColor;
				CODE_SIGN_STYLE = Automatic;
				CURRENT_PROJECT_VERSION = 1;
				GENERATE_INFOPLIST_FILE = YES;
				INFOPLIST_FILE = "EffectiveMobile/Supporting Files/Info.plist";
				INFOPLIST_KEY_UIApplicationSupportsIndirectInputEvents = YES;
				INFOPLIST_KEY_UILaunchStoryboardName = LaunchScreen;
				INFOPLIST_KEY_UISupportedInterfaceOrientations_iPad = "UIInterfaceOrientationPortrait UIInterfaceOrientationPortraitUpsideDown UIInterfaceOrientationLandscapeLeft UIInterfaceOrientationLandscapeRight";
				INFOPLIST_KEY_UISupportedInterfaceOrientations_iPhone = "UIInterfaceOrientationPortrait UIInterfaceOrientationLandscapeLeft UIInterfaceOrientationLandscapeRight";
				LD_RUNPATH_SEARCH_PATHS = (
					"$(inherited)",
					"@executable_path/Frameworks",
				);
				MARKETING_VERSION = 1.0;
				PRODUCT_BUNDLE_IDENTIFIER = com.example.EffectiveMobile;
				PRODUCT_NAME = "$(TARGET_NAME)";
				SWIFT_EMIT_LOC_STRINGS = YES;
				SWIFT_VERSION = 5.0;
				TARGETED_DEVICE_FAMILY = "1,2";
			};
			name = Debug;
		};
		1FD368132DC0E86E00934FD3 /* Release */ = {
			isa = XCBuildConfiguration;
			buildSettings = {
				ASSETCATALOG_COMPILER_APPICON_NAME = AppIcon;
				ASSETCATALOG_COMPILER_GLOBAL_ACCENT_COLOR_NAME = AccentColor;
				CODE_SIGN_STYLE = Automatic;
				CURRENT_PROJECT_VERSION = 1;
				GENERATE_INFOPLIST_FILE = YES;
				INFOPLIST_FILE = "EffectiveMobile/Supporting Files/Info.plist";
				INFOPLIST_KEY_UIApplicationSupportsIndirectInputEvents = YES;
				INFOPLIST_KEY_UILaunchStoryboardName = LaunchScreen;
				INFOPLIST_KEY_UISupportedInterfaceOrientations_iPad = "UIInterfaceOrientationPortrait UIInterfaceOrientationPortraitUpsideDown UIInterfaceOrientationLandscapeLeft UIInterfaceOrientationLandscapeRight";
				INFOPLIST_KEY_UISupportedInterfaceOrientations_iPhone = "UIInterfaceOrientationPortrait UIInterfaceOrientationLandscapeLeft UIInterfaceOrientationLandscapeRight";
				LD_RUNPATH_SEARCH_PATHS = (
					"$(inherited)",
					"@executable_path/Frameworks",
				);
				MARKETING_VERSION = 1.0;
				PRODUCT_BUNDLE_IDENTIFIER = com.example.EffectiveMobile;
				PRODUCT_NAME = "$(TARGET_NAME)";
				SWIFT_EMIT_LOC_STRINGS = YES;
				SWIFT_VERSION = 5.0;
				TARGETED_DEVICE_FAMILY = "1,2";
			};
			name = Release;
		};
		1FD368142DC0E86E00934FD3 /* Debug */ = {
			isa = XCBuildConfiguration;
			buildSettings = {
				ALWAYS_SEARCH_USER_PATHS = NO;
				ASSETCATALOG_COMPILER_GENERATE_SWIFT_ASSET_SYMBOL_EXTENSIONS = YES;
				CLANG_ANALYZER_NONNULL = YES;
				CLANG_ANALYZER_NUMBER_OBJECT_CONVERSION = YES_AGGRESSIVE;
				CLANG_CXX_LANGUAGE_STANDARD = "gnu++20";
				CLANG_ENABLE_MODULES = YES;
				CLANG_ENABLE_OBJC_ARC = YES;
				CLANG_ENABLE_OBJC_WEAK = YES;
				CLANG_WARN_BLOCK_CAPTURE_AUTORELEASING = YES;
				CLANG_WARN_BOOL_CONVERSION = YES;
				CLANG_WARN_COMMA = YES;
				CLANG_WARN_CONSTANT_CONVERSION = YES;
				CLANG_WARN_DEPRECATED_OBJC_IMPLEMENTATIONS = YES;
				CLANG_WARN_DIRECT_OBJC_ISA_USAGE = YES_ERROR;
				CLANG_WARN_DOCUMENTATION_COMMENTS = YES;
				CLANG_WARN_EMPTY_BODY = YES;
				CLANG_WARN_ENUM_CONVERSION = YES;
				CLANG_WARN_INFINITE_RECURSION = YES;
				CLANG_WARN_INT_CONVERSION = YES;
				CLANG_WARN_NON_LITERAL_NULL_CONVERSION = YES;
				CLANG_WARN_OBJC_IMPLICIT_RETAIN_SELF = YES;
				CLANG_WARN_OBJC_LITERAL_CONVERSION = YES;
				CLANG_WARN_OBJC_ROOT_CLASS = YES_ERROR;
				CLANG_WARN_QUOTED_INCLUDE_IN_FRAMEWORK_HEADER = YES;
				CLANG_WARN_RANGE_LOOP_ANALYSIS = YES;
				CLANG_WARN_STRICT_PROTOTYPES = YES;
				CLANG_WARN_SUSPICIOUS_MOVE = YES;
				CLANG_WARN_UNGUARDED_AVAILABILITY = YES_AGGRESSIVE;
				CLANG_WARN_UNREACHABLE_CODE = YES;
				CLANG_WARN__DUPLICATE_METHOD_MATCH = YES;
				COPY_PHASE_STRIP = NO;
				DEBUG_INFORMATION_FORMAT = dwarf;
				ENABLE_STRICT_OBJC_MSGSEND = YES;
				ENABLE_TESTABILITY = YES;
				ENABLE_USER_SCRIPT_SANDBOXING = YES;
				GCC_C_LANGUAGE_STANDARD = gnu17;
				GCC_DYNAMIC_NO_PIC = NO;
				GCC_NO_COMMON_BLOCKS = YES;
				GCC_OPTIMIZATION_LEVEL = 0;
				GCC_PREPROCESSOR_DEFINITIONS = (
					"DEBUG=1",
					"$(inherited)",
				);
				GCC_WARN_64_TO_32_BIT_CONVERSION = YES;
				GCC_WARN_ABOUT_RETURN_TYPE = YES_ERROR;
				GCC_WARN_UNDECLARED_SELECTOR = YES;
				GCC_WARN_UNINITIALIZED_AUTOS = YES_AGGRESSIVE;
				GCC_WARN_UNUSED_FUNCTION = YES;
				GCC_WARN_UNUSED_VARIABLE = YES;
				IPHONEOS_DEPLOYMENT_TARGET = 18.2;
				LOCALIZATION_PREFERS_STRING_CATALOGS = YES;
				MTL_ENABLE_DEBUG_INFO = INCLUDE_SOURCE;
				MTL_FAST_MATH = YES;
				ONLY_ACTIVE_ARCH = YES;
				SDKROOT = iphoneos;
				SWIFT_ACTIVE_COMPILATION_CONDITIONS = "DEBUG $(inherited)";
				SWIFT_OPTIMIZATION_LEVEL = "-Onone";
			};
			name = Debug;
		};
		1FD368152DC0E86E00934FD3 /* Release */ = {
			isa = XCBuildConfiguration;
			buildSettings = {
				ALWAYS_SEARCH_USER_PATHS = NO;
				ASSETCATALOG_COMPILER_GENERATE_SWIFT_ASSET_SYMBOL_EXTENSIONS = YES;
				CLANG_ANALYZER_NONNULL = YES;
				CLANG_ANALYZER_NUMBER_OBJECT_CONVERSION = YES_AGGRESSIVE;
				CLANG_CXX_LANGUAGE_STANDARD = "gnu++20";
				CLANG_ENABLE_MODULES = YES;
				CLANG_ENABLE_OBJC_ARC = YES;
				CLANG_ENABLE_OBJC_WEAK = YES;
				CLANG_WARN_BLOCK_CAPTURE_AUTORELEASING = YES;
				CLANG_WARN_BOOL_CONVERSION = YES;
				CLANG_WARN_COMMA = YES;
				CLANG_WARN_CONSTANT_CONVERSION = YES;
				CLANG_WARN_DEPRECATED_OBJC_IMPLEMENTATIONS = YES;
				CLANG_WARN_DIRECT_OBJC_ISA_USAGE = YES_ERROR;
				CLANG_WARN_DOCUMENTATION_COMMENTS = YES;
				CLANG_WARN_EMPTY_BODY = YES;
				CLANG_WARN_ENUM_CONVERSION = YES;
				CLANG_WARN_INFINITE_RECURSION = YES;
				CLANG_WARN_INT_CONVERSION = YES;
				CLANG_WARN_NON_LITERAL_NULL_CONVERSION = YES;
				CLANG_WARN_OBJC_IMPLICIT_RETAIN_SELF = YES;
				CLANG_WARN_OBJC_LITERAL_CONVERSION = YES;
				CLANG_WARN_OBJC_ROOT_CLASS = YES_ERROR;
				CLANG_WARN_QUOTED_INCLUDE_IN_FRAMEWORK_HEADER = YES;
				CLANG_WARN_RANGE_LOOP_ANALYSIS = YES;
				CLANG_WARN_STRICT_PROTOTYPES = YES;
				CLANG_WARN_SUSPICIOUS_MOVE = YES;
				CLANG_WARN_UNGUARDED_AVAILABILITY = YES_AGGRESSIVE;
				CLANG_WARN_UNREACHABLE_CODE = YES;
				CLANG_WARN__DUPLICATE_METHOD_MATCH = YES;
				COPY_PHASE_STRIP = NO;
				DEBUG_INFORMATION_FORMAT = "dwarf-with-dsym";
				ENABLE_NS_ASSERTIONS = NO;
				ENABLE_STRICT_OBJC_MSGSEND = YES;
				ENABLE_USER_SCRIPT_SANDBOXING = YES;
				GCC_C_LANGUAGE_STANDARD = gnu17;
				GCC_NO_COMMON_BLOCKS = YES;
				GCC_WARN_64_TO_32_BIT_CONVERSION = YES;
				GCC_WARN_ABOUT_RETURN_TYPE = YES_ERROR;
				GCC_WARN_UNDECLARED_SELECTOR = YES;
				GCC_WARN_UNINITIALIZED_AUTOS = YES_AGGRESSIVE;
				GCC_WARN_UNUSED_FUNCTION = YES;
				GCC_WARN_UNUSED_VARIABLE = YES;
				IPHONEOS_DEPLOYMENT_TARGET = 18.2;
				LOCALIZATION_PREFERS_STRING_CATALOGS = YES;
				MTL_ENABLE_DEBUG_INFO = NO;
				MTL_FAST_MATH = YES;
				SDKROOT = iphoneos;
				SWIFT_COMPILATION_MODE = wholemodule;
				VALIDATE_PRODUCT = YES;
			};
			name = Release;
		};
		1FD368172DC0E86E00934FD3 /* Debug */ = {
			isa = XCBuildConfiguration;
			buildSettings = {
				BUNDLE_LOADER = "$(TEST_HOST)";
				CODE_SIGN_STYLE = Automatic;
				CURRENT_PROJECT_VERSION = 1;
				GENERATE_INFOPLIST_FILE = YES;
				IPHONEOS_DEPLOYMENT_TARGET = 18.2;
				MARKETING_VERSION = 1.0;
				PRODUCT_BUNDLE_IDENTIFIER = com.example.EffectiveMobileTests;
				PRODUCT_NAME = "$(TARGET_NAME)";
				SWIFT_EMIT_LOC_STRINGS = NO;
				SWIFT_VERSION = 5.0;
				TARGETED_DEVICE_FAMILY = "1,2";
				TEST_HOST = "$(BUILT_PRODUCTS_DIR)/EffectiveMobile.app/$(BUNDLE_EXECUTABLE_FOLDER_PATH)/EffectiveMobile";
			};
			name = Debug;
		};
		1FD368182DC0E86E00934FD3 /* Release */ = {
			isa = XCBuildConfiguration;
			buildSettings = {
				BUNDLE_LOADER = "$(TEST_HOST)";
				CODE_SIGN_STYLE = Automatic;
				CURRENT_PROJECT_VERSION = 1;
				GENERATE_INFOPLIST_FILE = YES;
				IPHONEOS_DEPLOYMENT_TARGET = 18.2;
				MARKETING_VERSION = 1.0;
				PRODUCT_BUNDLE_IDENTIFIER = com.example.EffectiveMobileTests;
				PRODUCT_NAME = "$(TARGET_NAME)";
				SWIFT_EMIT_LOC_STRINGS = NO;
				SWIFT_VERSION = 5.0;
				TARGETED_DEVICE_FAMILY = "1,2";
				TEST_HOST = "$(BUILT_PRODUCTS_DIR)/EffectiveMobile.app/$(BUNDLE_EXECUTABLE_FOLDER_PATH)/EffectiveMobile";
			};
			name = Release;
		};
		1FD3681A2DC0E86E00934FD3 /* Debug */ = {
			isa = XCBuildConfiguration;
			buildSettings = {
				CODE_SIGN_STYLE = Automatic;
				CURRENT_PROJECT_VERSION = 1;
				GENERATE_INFOPLIST_FILE = YES;
				MARKETING_VERSION = 1.0;
				PRODUCT_BUNDLE_IDENTIFIER = com.example.EffectiveMobileUITests;
				PRODUCT_NAME = "$(TARGET_NAME)";
				SWIFT_EMIT_LOC_STRINGS = NO;
				SWIFT_VERSION = 5.0;
				TARGETED_DEVICE_FAMILY = "1,2";
				TEST_TARGET_NAME = EffectiveMobile;
			};
			name = Debug;
		};
		1FD3681B2DC0E86E00934FD3 /* Release */ = {
			isa = XCBuildConfiguration;
			buildSettings = {
				CODE_SIGN_STYLE = Automatic;
				CURRENT_PROJECT_VERSION = 1;
				GENERATE_INFOPLIST_FILE = YES;
				MARKETING_VERSION = 1.0;
				PRODUCT_BUNDLE_IDENTIFIER = com.example.EffectiveMobileUITests;
				PRODUCT_NAME = "$(TARGET_NAME)";
				SWIFT_EMIT_LOC_STRINGS = NO;
				SWIFT_VERSION = 5.0;
				TARGETED_DEVICE_FAMILY = "1,2";
				TEST_TARGET_NAME = EffectiveMobile;
			};
			name = Release;
		};
/* End XCBuildConfiguration section */

/* Begin XCConfigurationList section */
		1FD367E02DC0E86D00934FD3 /* Build configuration list for PBXProject "EffectiveMobile" */ = {
			isa = XCConfigurationList;
			buildConfigurations = (
				1FD368142DC0E86E00934FD3 /* Debug */,
				1FD368152DC0E86E00934FD3 /* Release */,
			);
			defaultConfigurationIsVisible = 0;
			defaultConfigurationName = Release;
		};
		1FD368112DC0E86E00934FD3 /* Build configuration list for PBXNativeTarget "EffectiveMobile" */ = {
			isa = XCConfigurationList;
			buildConfigurations = (
				1FD368122DC0E86E00934FD3 /* Debug */,
				1FD368132DC0E86E00934FD3 /* Release */,
			);
			defaultConfigurationIsVisible = 0;
			defaultConfigurationName = Release;
		};
		1FD368162DC0E86E00934FD3 /* Build configuration list for PBXNativeTarget "EffectiveMobileTests" */ = {
			isa = XCConfigurationList;
			buildConfigurations = (
				1FD368172DC0E86E00934FD3 /* Debug */,
				1FD368182DC0E86E00934FD3 /* Release */,
			);
			defaultConfigurationIsVisible = 0;
			defaultConfigurationName = Release;
		};
		1FD368192DC0E86E00934FD3 /* Build configuration list for PBXNativeTarget "EffectiveMobileUITests" */ = {
			isa = XCConfigurationList;
			buildConfigurations = (
				1FD3681A2DC0E86E00934FD3 /* Debug */,
				1FD3681B2DC0E86E00934FD3 /* Release */,
			);
			defaultConfigurationIsVisible = 0;
			defaultConfigurationName = Release;
		};
/* End XCConfigurationList section */

/* Begin XCRemoteSwiftPackageReference section */
		1FC59B812DC35BA1006807FB /* XCRemoteSwiftPackageReference "Alamofire" */ = {
			isa = XCRemoteSwiftPackageReference;
			repositoryURL = "https://github.com/Alamofire/Alamofire.git";
			requirement = {
				kind = upToNextMajorVersion;
				minimumVersion = 5.10.2;
			};
		};
		1FD3697E2DC14CED00934FD3 /* XCRemoteSwiftPackageReference "SnapKit" */ = {
			isa = XCRemoteSwiftPackageReference;
			repositoryURL = "https://github.com/SnapKit/SnapKit#:~:text=snapkit.github.io/SnapKit/";
			requirement = {
				kind = upToNextMajorVersion;
				minimumVersion = 5.7.1;
			};
		};
/* End XCRemoteSwiftPackageReference section */

/* Begin XCSwiftPackageProductDependency section */
		1FC59B822DC35BA1006807FB /* Alamofire */ = {
			isa = XCSwiftPackageProductDependency;
			package = 1FC59B812DC35BA1006807FB /* XCRemoteSwiftPackageReference "Alamofire" */;
			productName = Alamofire;
		};
		1FD3697F2DC14CED00934FD3 /* SnapKit */ = {
			isa = XCSwiftPackageProductDependency;
			package = 1FD3697E2DC14CED00934FD3 /* XCRemoteSwiftPackageReference "SnapKit" */;
			productName = SnapKit;
		};
/* End XCSwiftPackageProductDependency section */
	};
	rootObject = 1FD367DD2DC0E86D00934FD3 /* Project object */;
}
